
Microsoft Visual Studio Solution File, Format Version 12.00
# Visual Studio Version 17
VisualStudioVersion = 17.14.37111.16 d17.14
MinimumVisualStudioVersion = 10.0.40219.1
Project("{FAE04EC0-301F-11D3-BF4B-00C04F79EFBC}") = "InklyAPI", "InklyAPI\InklyAPI.csproj", "{E493AE76-15D1-49AB-84A8-7007B16E4133}"
EndProject
Global
	GlobalSection(SolutionConfigurationPlatforms) = preSolution
		Debug|Any CPU = Debug|Any CPU
		Release|Any CPU = Release|Any CPU
	EndGlobalSection
	GlobalSection(ProjectConfigurationPlatforms) = postSolution
		{E493AE76-15D1-49AB-84A8-7007B16E4133}.Debug|Any CPU.ActiveCfg = Debug|Any CPU
		{E493AE76-15D1-49AB-84A8-7007B16E4133}.Debug|Any CPU.Build.0 = Debug|Any CPU
		{E493AE76-15D1-49AB-84A8-7007B16E4133}.Release|Any CPU.ActiveCfg = Release|Any CPU
		{E493AE76-15D1-49AB-84A8-7007B16E4133}.Release|Any CPU.Build.0 = Release|Any CPU
	EndGlobalSection
	GlobalSection(SolutionProperties) = preSolution
		HideSolutionNode = FALSE
	EndGlobalSection
	GlobalSection(ExtensibilityGlobals) = postSolution
		SolutionGuid = {47C5F4FF-AE2B-48AF-895B-83F2D59CDCBD}
	EndGlobalSection
EndGlobal
