
Microsoft Visual Studio Solution File, Format Version 12.00
# Visual Studio Version 17
VisualStudioVersion = 17.14.37111.16
MinimumVisualStudioVersion = 10.0.40219.1
Project("{2150E333-8FDC-42A3-9474-1A3956D46DE8}") = "src", "src", "{827E0CD3-B72D-47B6-A68D-7590B98EB39B}"
EndProject
Project("{FAE04EC0-301F-11D3-BF4B-00C04F79EFBC}") = "Inkly.Domain", "src\Inkly.Domain\Inkly.Domain.csproj", "{777D006B-72D8-4DDD-9C91-C493925FBB48}"
EndProject
Project("{FAE04EC0-301F-11D3-BF4B-00C04F79EFBC}") = "Inkly.Application", "src\Inkly.Application\Inkly.Application.csproj", "{09C163EC-4EBF-4447-A432-36256E53920E}"
EndProject
Project("{FAE04EC0-301F-11D3-BF4B-00C04F79EFBC}") = "Inkly.Infrastructure", "src\Inkly.Infrastructure\Inkly.Infrastructure.csproj", "{2CC6BD16-55AE-4319-8660-AD655084DA89}"
EndProject
Project("{2150E333-8FDC-42A3-9474-1A3956D46DE8}") = "tests", "tests", "{0AB3BF05-4346-4AA6-1389-037BE0695223}"
EndProject
Project("{FAE04EC0-301F-11D3-BF4B-00C04F79EFBC}") = "Inkly.Tests", "tests\Inkly.Tests\Inkly.Tests.csproj", "{9BD3321E-1C5F-4F41-B25B-23522D7D686D}"
EndProject
Project("{FAE04EC0-301F-11D3-BF4B-00C04F79EFBC}") = "Inkly.API", "src\Inkly.API\Inkly.API.csproj", "{B85DB067-6B51-4FED-919E-44EEE02782B8}"
EndProject
Global
	GlobalSection(SolutionConfigurationPlatforms) = preSolution
		Debug|Any CPU = Debug|Any CPU
		Debug|x64 = Debug|x64
		Debug|x86 = Debug|x86
		Release|Any CPU = Release|Any CPU
		Release|x64 = Release|x64
		Release|x86 = Release|x86
	EndGlobalSection
	GlobalSection(ProjectConfigurationPlatforms) = postSolution
		{777D006B-72D8-4DDD-9C91-C493925FBB48}.Debug|Any CPU.ActiveCfg = Debug|Any CPU
		{777D006B-72D8-4DDD-9C91-C493925FBB48}.Debug|Any CPU.Build.0 = Debug|Any CPU
		{777D006B-72D8-4DDD-9C91-C493925FBB48}.Debug|x64.ActiveCfg = Debug|Any CPU
		{777D006B-72D8-4DDD-9C91-C493925FBB48}.Debug|x64.Build.0 = Debug|Any CPU
		{777D006B-72D8-4DDD-9C91-C493925FBB48}.Debug|x86.ActiveCfg = Debug|Any CPU
		{777D006B-72D8-4DDD-9C91-C493925FBB48}.Debug|x86.Build.0 = Debug|Any CPU
		{777D006B-72D8-4DDD-9C91-C493925FBB48}.Release|Any CPU.ActiveCfg = Release|Any CPU
		{777D006B-72D8-4DDD-9C91-C493925FBB48}.Release|Any CPU.Build.0 = Release|Any CPU
		{777D006B-72D8-4DDD-9C91-C493925FBB48}.Release|x64.ActiveCfg = Release|Any CPU
		{777D006B-72D8-4DDD-9C91-C493925FBB48}.Release|x64.Build.0 = Release|Any CPU
		{777D006B-72D8-4DDD-9C91-C493925FBB48}.Release|x86.ActiveCfg = Release|Any CPU
		{777D006B-72D8-4DDD-9C91-C493925FBB48}.Release|x86.Build.0 = Release|Any CPU
		{09C163EC-4EBF-4447-A432-36256E53920E}.Debug|Any CPU.ActiveCfg = Debug|Any CPU
		{09C163EC-4EBF-4447-A432-36256E53920E}.Debug|Any CPU.Build.0 = Debug|Any CPU
		{09C163EC-4EBF-4447-A432-36256E53920E}.Debug|x64.ActiveCfg = Debug|Any CPU
		{09C163EC-4EBF-4447-A432-36256E53920E}.Debug|x64.Build.0 = Debug|Any CPU
		{09C163EC-4EBF-4447-A432-36256E53920E}.Debug|x86.ActiveCfg = Debug|Any CPU
		{09C163EC-4EBF-4447-A432-36256E53920E}.Debug|x86.Build.0 = Debug|Any CPU
		{09C163EC-4EBF-4447-A432-36256E53920E}.Release|Any CPU.ActiveCfg = Release|Any CPU
		{09C163EC-4EBF-4447-A432-36256E53920E}.Release|Any CPU.Build.0 = Release|Any CPU
		{09C163EC-4EBF-4447-A432-36256E53920E}.Release|x64.ActiveCfg = Release|Any CPU
		{09C163EC-4EBF-4447-A432-36256E53920E}.Release|x64.Build.0 = Release|Any CPU
		{09C163EC-4EBF-4447-A432-36256E53920E}.Release|x86.ActiveCfg = Release|Any CPU
		{09C163EC-4EBF-4447-A432-36256E53920E}.Release|x86.Build.0 = Release|Any CPU
		{2CC6BD16-55AE-4319-8660-AD655084DA89}.Debug|Any CPU.ActiveCfg = Debug|Any CPU
		{2CC6BD16-55AE-4319-8660-AD655084DA89}.Debug|Any CPU.Build.0 = Debug|Any CPU
		{2CC6BD16-55AE-4319-8660-AD655084DA89}.Debug|x64.ActiveCfg = Debug|Any CPU
		{2CC6BD16-55AE-4319-8660-AD655084DA89}.Debug|x64.Build.0 = Debug|Any CPU
		{2CC6BD16-55AE-4319-8660-AD655084DA89}.Debug|x86.ActiveCfg = Debug|Any CPU
		{2CC6BD16-55AE-4319-8660-AD655084DA89}.Debug|x86.Build.0 = Debug|Any CPU
		{2CC6BD16-55AE-4319-8660-AD655084DA89}.Release|Any CPU.ActiveCfg = Release|Any CPU
		{2CC6BD16-55AE-4319-8660-AD655084DA89}.Release|Any CPU.Build.0 = Release|Any CPU
		{2CC6BD16-55AE-4319-8660-AD655084DA89}.Release|x64.ActiveCfg = Release|Any CPU
		{2CC6BD16-55AE-4319-8660-AD655084DA89}.Release|x64.Build.0 = Release|Any CPU
		{2CC6BD16-55AE-4319-8660-AD655084DA89}.Release|x86.ActiveCfg = Release|Any CPU
		{2CC6BD16-55AE-4319-8660-AD655084DA89}.Release|x86.Build.0 = Release|Any CPU
		{9BD3321E-1C5F-4F41-B25B-23522D7D686D}.Debug|Any CPU.ActiveCfg = Debug|Any CPU
		{9BD3321E-1C5F-4F41-B25B-23522D7D686D}.Debug|Any CPU.Build.0 = Debug|Any CPU
		{9BD3321E-1C5F-4F41-B25B-23522D7D686D}.Debug|x64.ActiveCfg = Debug|Any CPU
		{9BD3321E-1C5F-4F41-B25B-23522D7D686D}.Debug|x64.Build.0 = Debug|Any CPU
		{9BD3321E-1C5F-4F41-B25B-23522D7D686D}.Debug|x86.ActiveCfg = Debug|Any CPU
		{9BD3321E-1C5F-4F41-B25B-23522D7D686D}.Debug|x86.Build.0 = Debug|Any CPU
		{9BD3321E-1C5F-4F41-B25B-23522D7D686D}.Release|Any CPU.ActiveCfg = Release|Any CPU
		{9BD3321E-1C5F-4F41-B25B-23522D7D686D}.Release|Any CPU.Build.0 = Release|Any CPU
		{9BD3321E-1C5F-4F41-B25B-23522D7D686D}.Release|x64.ActiveCfg = Release|Any CPU
		{9BD3321E-1C5F-4F41-B25B-23522D7D686D}.Release|x64.Build.0 = Release|Any CPU
		{9BD3321E-1C5F-4F41-B25B-23522D7D686D}.Release|x86.ActiveCfg = Release|Any CPU
		{9BD3321E-1C5F-4F41-B25B-23522D7D686D}.Release|x86.Build.0 = Release|Any CPU
		{B85DB067-6B51-4FED-919E-44EEE02782B8}.Debug|Any CPU.ActiveCfg = Debug|Any CPU
		{B85DB067-6B51-4FED-919E-44EEE02782B8}.Debug|Any CPU.Build.0 = Debug|Any CPU
		{B85DB067-6B51-4FED-919E-44EEE02782B8}.Debug|x64.ActiveCfg = Debug|Any CPU
		{B85DB067-6B51-4FED-919E-44EEE02782B8}.Debug|x64.Build.0 = Debug|Any CPU
		{B85DB067-6B51-4FED-919E-44EEE02782B8}.Debug|x86.ActiveCfg = Debug|Any CPU
		{B85DB067-6B51-4FED-919E-44EEE02782B8}.Debug|x86.Build.0 = Debug|Any CPU
		{B85DB067-6B51-4FED-919E-44EEE02782B8}.Release|Any CPU.ActiveCfg = Release|Any CPU
		{B85DB067-6B51-4FED-919E-44EEE02782B8}.Release|Any CPU.Build.0 = Release|Any CPU
		{B85DB067-6B51-4FED-919E-44EEE02782B8}.Release|x64.ActiveCfg = Release|Any CPU
		{B85DB067-6B51-4FED-919E-44EEE02782B8}.Release|x64.Build.0 = Release|Any CPU
		{B85DB067-6B51-4FED-919E-44EEE02782B8}.Release|x86.ActiveCfg = Release|Any CPU
		{B85DB067-6B51-4FED-919E-44EEE02782B8}.Release|x86.Build.0 = Release|Any CPU
	EndGlobalSection
	GlobalSection(SolutionProperties) = preSolution
		HideSolutionNode = FALSE
	EndGlobalSection
	GlobalSection(NestedProjects) = preSolution
		{777D006B-72D8-4DDD-9C91-C493925FBB48} = {827E0CD3-B72D-47B6-A68D-7590B98EB39B}
		{09C163EC-4EBF-4447-A432-36256E53920E} = {827E0CD3-B72D-47B6-A68D-7590B98EB39B}
		{2CC6BD16-55AE-4319-8660-AD655084DA89} = {827E0CD3-B72D-47B6-A68D-7590B98EB39B}
		{9BD3321E-1C5F-4F41-B25B-23522D7D686D} = {0AB3BF05-4346-4AA6-1389-037BE0695223}
		{B85DB067-6B51-4FED-919E-44EEE02782B8} = {827E0CD3-B72D-47B6-A68D-7590B98EB39B}
	EndGlobalSection
	GlobalSection(ExtensibilityGlobals) = postSolution
		SolutionGuid = {47C5F4FF-AE2B-48AF-895B-83F2D59CDCBD}
	EndGlobalSection
EndGlobal
